{
  "pins" : [
    {
      "identity" : "8086_cwasm3",
      "kind" : "remoteSourceControl",
      "location" : "https://github.com/fri66/8086_cwasm3",
      "state" : {
        "branch" : "8086",
        "revision" : "3856e8a88d9e4b7b9c6124692aefafbd874f311d"
      }
    },
    {
      "identity" : "8086_synchronized",
      "kind" : "remoteSourceControl",
      "location" : "https://github.com/fri66/8086_synchronized",
      "state" : {
        "branch" : "8086",
        "revision" : "fa0dc8afc290ad4ddf6b90a97dc6b78eaaa3fdae"
      }
    }
  ],
  "version" : 2
}
